
Microsoft Visual Studio Solution File, Format Version 12.00
# Visual Studio 15
VisualStudioVersion = 15.0.28307.1300
MinimumVisualStudioVersion = 10.0.40219.1
Project("{FAE04EC0-301F-11D3-BF4B-00C04F79EFBC}") = "myfirstappln", "myfirstappln\myfirstappln.csproj", "{FD23008F-411C-4AAD-931E-695CDD77F499}"
EndProject
Global
	GlobalSection(SolutionConfigurationPlatforms) = preSolution
		Debug|Any CPU = Debug|Any CPU
		Release|Any CPU = Release|Any CPU
	EndGlobalSection
	GlobalSection(ProjectConfigurationPlatforms) = postSolution
		{FD23008F-411C-4AAD-931E-695CDD77F499}.Debug|Any CPU.ActiveCfg = Debug|Any CPU
		{FD23008F-411C-4AAD-931E-695CDD77F499}.Debug|Any CPU.Build.0 = Debug|Any CPU
		{FD23008F-411C-4AAD-931E-695CDD77F499}.Release|Any CPU.ActiveCfg = Release|Any CPU
		{FD23008F-411C-4AAD-931E-695CDD77F499}.Release|Any CPU.Build.0 = Release|Any CPU
	EndGlobalSection
	GlobalSection(SolutionProperties) = preSolution
		HideSolutionNode = FALSE
	EndGlobalSection
	GlobalSection(ExtensibilityGlobals) = postSolution
		SolutionGuid = {2CD70A64-EA3B-4BD1-8ED0-FEDF6F0F31B8}
	EndGlobalSection
EndGlobal
